
Microsoft Visual Studio Solution File, Format Version 12.00
# Visual Studio Version 17
VisualStudioVersion = 17.11.35312.102
MinimumVisualStudioVersion = 10.0.40219.1
Project("{9A19103F-16F7-4668-BE54-9A1E7A4F7556}") = "CrosstabAnyPOC", "CrosstabAnyPOC\CrosstabAnyPOC.csproj", "{D9CF4286-A746-4C53-BC79-2C73EE70C47F}"
EndProject
Project("{2150E333-8FDC-42A3-9474-1A3956D46DE8}") = "Solution Items", "Solution Items", "{76019B2E-D040-4176-B0A0-747279DD0C83}"
	ProjectSection(SolutionItems) = preProject
		HTMLPage1.html = HTMLPage1.html
		README.md = README.md
		TextFile1.txt = TextFile1.txt
	EndProjectSection
EndProject
Project("{9A19103F-16F7-4668-BE54-9A1E7A4F7556}") = "TestVariousThings", "TestVariousThings\TestVariousThings.csproj", "{024076A8-7D14-451B-A9F6-8237A819FEEF}"
EndProject
Project("{FAE04EC0-301F-11D3-BF4B-00C04F79EFBC}") = "CrosstabyAnyPOC.DataAccess", "CrosstabyAnyPOC.DataAccess\CrosstabyAnyPOC.DataAccess.csproj", "{4825E3C6-BDBB-40DE-8CAE-26FD058EBDDB}"
EndProject
Project("{FAE04EC0-301F-11D3-BF4B-00C04F79EFBC}") = "CrosstabAnyPOC.UI", "CrosstabAnyPOC.UI\CrosstabAnyPOC.UI.csproj", "{A91B6187-0931-4569-BB3F-3B74438574C1}"
EndProject
Global
	GlobalSection(SolutionConfigurationPlatforms) = preSolution
		Debug|Any CPU = Debug|Any CPU
		Release|Any CPU = Release|Any CPU
	EndGlobalSection
	GlobalSection(ProjectConfigurationPlatforms) = postSolution
		{D9CF4286-A746-4C53-BC79-2C73EE70C47F}.Debug|Any CPU.ActiveCfg = Debug|Any CPU
		{D9CF4286-A746-4C53-BC79-2C73EE70C47F}.Debug|Any CPU.Build.0 = Debug|Any CPU
		{D9CF4286-A746-4C53-BC79-2C73EE70C47F}.Release|Any CPU.ActiveCfg = Release|Any CPU
		{D9CF4286-A746-4C53-BC79-2C73EE70C47F}.Release|Any CPU.Build.0 = Release|Any CPU
		{024076A8-7D14-451B-A9F6-8237A819FEEF}.Debug|Any CPU.ActiveCfg = Debug|Any CPU
		{024076A8-7D14-451B-A9F6-8237A819FEEF}.Debug|Any CPU.Build.0 = Debug|Any CPU
		{024076A8-7D14-451B-A9F6-8237A819FEEF}.Release|Any CPU.ActiveCfg = Release|Any CPU
		{024076A8-7D14-451B-A9F6-8237A819FEEF}.Release|Any CPU.Build.0 = Release|Any CPU
		{4825E3C6-BDBB-40DE-8CAE-26FD058EBDDB}.Debug|Any CPU.ActiveCfg = Debug|Any CPU
		{4825E3C6-BDBB-40DE-8CAE-26FD058EBDDB}.Debug|Any CPU.Build.0 = Debug|Any CPU
		{4825E3C6-BDBB-40DE-8CAE-26FD058EBDDB}.Release|Any CPU.ActiveCfg = Release|Any CPU
		{4825E3C6-BDBB-40DE-8CAE-26FD058EBDDB}.Release|Any CPU.Build.0 = Release|Any CPU
		{A91B6187-0931-4569-BB3F-3B74438574C1}.Debug|Any CPU.ActiveCfg = Debug|Any CPU
		{A91B6187-0931-4569-BB3F-3B74438574C1}.Debug|Any CPU.Build.0 = Debug|Any CPU
		{A91B6187-0931-4569-BB3F-3B74438574C1}.Release|Any CPU.ActiveCfg = Release|Any CPU
		{A91B6187-0931-4569-BB3F-3B74438574C1}.Release|Any CPU.Build.0 = Release|Any CPU
	EndGlobalSection
	GlobalSection(SolutionProperties) = preSolution
		HideSolutionNode = FALSE
	EndGlobalSection
	GlobalSection(ExtensibilityGlobals) = postSolution
		SolutionGuid = {F353E149-33E1-4214-B694-7008B91E2E9C}
	EndGlobalSection
EndGlobal
